<?xml version="1.0" encoding="utf-8"?>
<Project ToolsVersion="4.0" xmlns="http://schemas.microsoft.com/developer/msbuild/2003">
  <ItemGroup>
    <Filter Include="Common">
      <UniqueIdentifier>{e79b6a3f-0692-49da-b6f7-eccca33151ec}</UniqueIdentifier>
    </Filter>
    <Filter Include="Functions">
      <UniqueIdentifier>{cf066db3-440d-4e40-b70a-4935766c79f1}</UniqueIdentifier>
    </Filter>
    <Filter Include="Interface">
      <UniqueIdentifier>{6dac437f-cae9-4959-9f39-cc6145e4bf10}</UniqueIdentifier>
    </Filter>
    <Filter Include="Thirdparty">
      <UniqueIdentifier>{dee7c627-95e7-4ca0-9a24-8a44d3ec4eef}</UniqueIdentifier>
    </Filter>
  </ItemGroup>
  <ItemGroup>
    <ClInclude Include="$(MSBuildThisFileDirectory)Common\HeaderList.h">
      <Filter>Common</Filter>
    </ClInclude>
    <ClInclude Include="$(MSBuildThisFileDirectory)Common\Macro.h">
      <Filter>Common</Filter>
    </ClInclude>
    <ClInclude Include="$(MSBuildThisFileDirectory)Functions\Analytics.h">
      <Filter>Functions</Filter>
    </ClInclude>
    <ClInclude Include="$(MSBuildThisFileDirectory)Functions\DataBase.h">
      <Filter>Functions</Filter>
    </ClInclude>
    <ClInclude Include="$(MSBuildThisFileDirectory)Functions\Debugger.h">
      <Filter>Functions</Filter>
    </ClInclude>
    <ClInclude Include="$(MSBuildThisFileDirectory)Functions\Network.h">
      <Filter>Functions</Filter>
    </ClInclude>
    <ClInclude Include="$(MSBuildThisFileDirectory)Functions\Purchase.h">
      <Filter>Functions</Filter>
    </ClInclude>
    <ClInclude Include="$(MSBuildThisFileDirectory)Functions\Security.h">
      <Filter>Functions</Filter>
    </ClInclude>
    <ClInclude Include="$(MSBuildThisFileDirectory)Functions\Utilities.h">
      <Filter>Functions</Filter>
    </ClInclude>
    <ClInclude Include="$(MSBuildThisFileDirectory)Thirdparty\base64.h">
      <Filter>Thirdparty</Filter>
    </ClInclude>
    <ClInclude Include="$(MSBuildThisFileDirectory)Thirdparty\pbkdf2.h">
      <Filter>Thirdparty</Filter>
    </ClInclude>
    <ClInclude Include="$(MSBuildThisFileDirectory)SharedCore.h" />
  </ItemGroup>
  <ItemGroup>
    <ClCompile Include="$(MSBuildThisFileDirectory)SharedCore.cpp" />
  </ItemGroup>
</Project>